{
  "name": "sommark-lsp",
  "version": "2.0.0",
  "lockfileVersion": 3,
  "requires": true,
  "packages": {
    "": {
      "name": "sommark-lsp",
      "version": "2.0.0",
      "license": "MIT",
      "dependencies": {
        "acorn": "^8.15.0",
        "css-tree": "^2.3.1",
        "sommark": "^5.0.1",
        "tree-sitter-cli": "^0.26.9",
        "vscode-languageserver": "^9.0.1",
        "vscode-languageserver-textdocument": "^1.0.12"
      },
      "bin": {
        "sommark-lsp": "server/server.js"
      }
    },
    "../SomMark": {
      "name": "sommark",
      "version": "5.0.1",
      "license": "MIT",
      "dependencies": {
        "acorn": "^8.15.0",
        "pathe": "^2.0.3",
        "quickjs-emscripten": "^0.32.0"
      },
      "bin": {
        "sommark": "cli/cli.mjs"
      },
      "devDependencies": {
        "@mdx-js/mdx": "^3.1.1",
        "@rollup/plugin-commonjs": "^29.0.3",
        "@rollup/plugin-node-resolve": "^16.0.3",
        "fast-xml-parser": "^5.5.11",
        "isomorphic-dompurify": "^3.14.0",
        "js-yaml": "^5.0.0",
        "jsdom": "^29.0.2",
        "papaparse": "^5.5.4",
        "remark": "^15.0.1",
        "remark-gfm": "^4.0.1",
        "remark-parse": "^11.0.0",
        "rollup": "^4.61.1",
        "smol-toml": "^1.7.0",
        "vitest": "^4.0.16"
      }
    },
    "node_modules/acorn": {
      "version": "8.15.0",
      "resolved": "https://registry.npmjs.org/acorn/-/acorn-8.15.0.tgz",
      "integrity": "sha512-NZyJarBfL7nWwIq+FDL6Zp/yHEhePMNnnJ0y3qfieCrmNvYct8uvtiV41UvlSe6apAfk0fY1FbWx+NwfmpvtTg==",
      "license": "MIT",
      "bin": {
        "acorn": "bin/acorn"
      },
      "engines": {
        "node": ">=0.4.0"
      }
    },
    "node_modules/css-tree": {
      "version": "2.3.1",
      "license": "MIT",
      "dependencies": {
        "mdn-data": "2.0.30",
        "source-map-js": "^1.0.1"
      },
      "engines": {
        "node": "^10 || ^12.20.0 || ^14.13.0 || >=15.0.0"
      }
    },
    "node_modules/mdn-data": {
      "version": "2.0.30",
      "license": "CC0-1.0"
    },
    "node_modules/sommark": {
      "resolved": "../SomMark",
      "link": true
    },
    "node_modules/source-map-js": {
      "version": "1.2.1",
      "license": "BSD-3-Clause",
      "engines": {
        "node": ">=0.10.0"
      }
    },
    "node_modules/tree-sitter-cli": {
      "version": "0.26.9",
      "resolved": "https://registry.npmjs.org/tree-sitter-cli/-/tree-sitter-cli-0.26.9.tgz",
      "integrity": "sha512-7l+U1RmazPVe+yA/JiX80GFOILnL/j24GbawamIzNQC8UlINrcyECbaWGaG1wuq4j/m0DQTx7Uu4r0iW9Ao1BQ==",
      "hasInstallScript": true,
      "license": "MIT",
      "bin": {
        "tree-sitter": "cli.js"
      },
      "engines": {
        "node": ">=12.0.0"
      }
    },
    "node_modules/vscode-jsonrpc": {
      "version": "8.2.0",
      "license": "MIT",
      "engines": {
        "node": ">=14.0.0"
      }
    },
    "node_modules/vscode-languageserver": {
      "version": "9.0.1",
      "license": "MIT",
      "dependencies": {
        "vscode-languageserver-protocol": "3.17.5"
      },
      "bin": {
        "installServerIntoExtension": "bin/installServerIntoExtension"
      }
    },
    "node_modules/vscode-languageserver-protocol": {
      "version": "3.17.5",
      "license": "MIT",
      "dependencies": {
        "vscode-jsonrpc": "8.2.0",
        "vscode-languageserver-types": "3.17.5"
      }
    },
    "node_modules/vscode-languageserver-textdocument": {
      "version": "1.0.12",
      "license": "MIT"
    },
    "node_modules/vscode-languageserver-types": {
      "version": "3.17.5",
      "license": "MIT"
    }
  }
}
