{
  "name": "sommark-lsp",
  "version": "1.3.0",
  "lockfileVersion": 3,
  "requires": true,
  "packages": {
    "": {
      "name": "sommark-lsp",
      "version": "1.3.0",
      "license": "MIT",
      "dependencies": {
        "acorn": "^8.15.0",
        "css-tree": "^2.3.1",
        "sommark": "^4.1.0",
        "vscode-languageserver": "^9.0.1",
        "vscode-languageserver-textdocument": "^1.0.12"
      },
      "bin": {
        "sommark-lsp": "server/server.js"
      }
    },
    "../SomMark": {
      "name": "sommark",
      "version": "4.1.0",
      "extraneous": true,
      "license": "MIT",
      "dependencies": {
        "@sebastianwessel/quickjs": "^1.1.1",
        "acorn": "^8.15.0"
      },
      "bin": {
        "sommark": "cli/cli.mjs"
      },
      "devDependencies": {
        "@mdx-js/mdx": "^3.1.1",
        "fast-xml-parser": "^5.5.11",
        "isomorphic-dompurify": "^3.14.0",
        "jsdom": "^29.0.2",
        "remark": "^15.0.1",
        "remark-gfm": "^4.0.1",
        "remark-parse": "^11.0.0",
        "vitest": "^4.0.16"
      }
    },
    "node_modules/@jitl/quickjs-ffi-types": {
      "version": "0.29.2",
      "resolved": "https://registry.npmjs.org/@jitl/quickjs-ffi-types/-/quickjs-ffi-types-0.29.2.tgz",
      "integrity": "sha512-069uQTiEla2PphXg6UpyyJ4QXHkTj3S9TeXgaMCd8NDYz3ODBw5U/rkg6fhuU8SMpoDrWjEzybmV5Mi2Pafb5w==",
      "license": "MIT"
    },
    "node_modules/@jitl/quickjs-ng-wasmfile-release-sync": {
      "version": "0.29.2",
      "resolved": "https://registry.npmjs.org/@jitl/quickjs-ng-wasmfile-release-sync/-/quickjs-ng-wasmfile-release-sync-0.29.2.tgz",
      "integrity": "sha512-EXGbgS2zynrT60RNCRZ35De/jot0aZz/uFyGqoGdMILJWJg+BUSS5yaRCfGTMmD68xMoQRCxLwqDa0YnnOvm6Q==",
      "license": "MIT",
      "dependencies": {
        "@jitl/quickjs-ffi-types": "0.29.2"
      }
    },
    "node_modules/@jsonjoy.com/base64": {
      "version": "1.1.2",
      "resolved": "https://registry.npmjs.org/@jsonjoy.com/base64/-/base64-1.1.2.tgz",
      "integrity": "sha512-q6XAnWQDIMA3+FTiOYajoYqySkO+JSat0ytXGSuRdq9uXE7o92gzuQwQM14xaCRlBLGq3v5miDGC4vkVTn54xA==",
      "license": "Apache-2.0",
      "engines": {
        "node": ">=10.0"
      },
      "funding": {
        "type": "github",
        "url": "https://github.com/sponsors/streamich"
      },
      "peerDependencies": {
        "tslib": "2"
      }
    },
    "node_modules/@jsonjoy.com/buffers": {
      "version": "17.67.0",
      "resolved": "https://registry.npmjs.org/@jsonjoy.com/buffers/-/buffers-17.67.0.tgz",
      "integrity": "sha512-tfExRpYxBvi32vPs9ZHaTjSP4fHAfzSmcahOfNxtvGHcyJel+aibkPlGeBB+7AoC6hL7lXIE++8okecBxx7lcw==",
      "license": "Apache-2.0",
      "engines": {
        "node": ">=10.0"
      },
      "funding": {
        "type": "github",
        "url": "https://github.com/sponsors/streamich"
      },
      "peerDependencies": {
        "tslib": "2"
      }
    },
    "node_modules/@jsonjoy.com/codegen": {
      "version": "1.0.0",
      "resolved": "https://registry.npmjs.org/@jsonjoy.com/codegen/-/codegen-1.0.0.tgz",
      "integrity": "sha512-E8Oy+08cmCf0EK/NMxpaJZmOxPqM+6iSe2S4nlSBrPZOORoDJILxtbSUEDKQyTamm/BVAhIGllOBNU79/dwf0g==",
      "license": "Apache-2.0",
      "engines": {
        "node": ">=10.0"
      },
      "funding": {
        "type": "github",
        "url": "https://github.com/sponsors/streamich"
      },
      "peerDependencies": {
        "tslib": "2"
      }
    },
    "node_modules/@jsonjoy.com/fs-core": {
      "version": "4.57.3",
      "resolved": "https://registry.npmjs.org/@jsonjoy.com/fs-core/-/fs-core-4.57.3.tgz",
      "integrity": "sha512-IvO50vkGydDZwS1e9rz/JXEtCCt9XvqxoGI6FlrVIvVm4/HpygMKW4ETtREWtMTsN5CLJ9FR6GuCduoQPZLBiw==",
      "license": "Apache-2.0",
      "dependencies": {
        "@jsonjoy.com/fs-node-builtins": "4.57.3",
        "@jsonjoy.com/fs-node-utils": "4.57.3",
        "thingies": "^2.5.0"
      },
      "engines": {
        "node": ">=10.0"
      },
      "funding": {
        "type": "github",
        "url": "https://github.com/sponsors/streamich"
      },
      "peerDependencies": {
        "tslib": "2"
      }
    },
    "node_modules/@jsonjoy.com/fs-fsa": {
      "version": "4.57.3",
      "resolved": "https://registry.npmjs.org/@jsonjoy.com/fs-fsa/-/fs-fsa-4.57.3.tgz",
      "integrity": "sha512-JlIDGUWPl7Y6zl+/ISnZuh8z2aMr/xoR66D18zlaVAuL192CvlNJEzOlzp27x4P52HRtDnCSOk6f59vTsmp5vw==",
      "license": "Apache-2.0",
      "dependencies": {
        "@jsonjoy.com/fs-core": "4.57.3",
        "@jsonjoy.com/fs-node-builtins": "4.57.3",
        "@jsonjoy.com/fs-node-utils": "4.57.3",
        "thingies": "^2.5.0"
      },
      "engines": {
        "node": ">=10.0"
      },
      "funding": {
        "type": "github",
        "url": "https://github.com/sponsors/streamich"
      },
      "peerDependencies": {
        "tslib": "2"
      }
    },
    "node_modules/@jsonjoy.com/fs-node": {
      "version": "4.57.3",
      "resolved": "https://registry.npmjs.org/@jsonjoy.com/fs-node/-/fs-node-4.57.3.tgz",
      "integrity": "sha512-089gZoKvbeOsT2jeBaVKSz91oFXQWFG7a62sMY6gVMHnoWbyGzTb6OVUP/V7G3wLQLJ555BEsHt8SD1nj1dgaQ==",
      "license": "Apache-2.0",
      "dependencies": {
        "@jsonjoy.com/fs-core": "4.57.3",
        "@jsonjoy.com/fs-node-builtins": "4.57.3",
        "@jsonjoy.com/fs-node-utils": "4.57.3",
        "@jsonjoy.com/fs-print": "4.57.3",
        "@jsonjoy.com/fs-snapshot": "4.57.3",
        "glob-to-regex.js": "^1.0.0",
        "thingies": "^2.5.0"
      },
      "engines": {
        "node": ">=10.0"
      },
      "funding": {
        "type": "github",
        "url": "https://github.com/sponsors/streamich"
      },
      "peerDependencies": {
        "tslib": "2"
      }
    },
    "node_modules/@jsonjoy.com/fs-node-builtins": {
      "version": "4.57.3",
      "resolved": "https://registry.npmjs.org/@jsonjoy.com/fs-node-builtins/-/fs-node-builtins-4.57.3.tgz",
      "integrity": "sha512-JAI3PqNuY8BR7ovy4h0bADLrqJLIcUauONNZfyTxUnj3Wf3tpTYe39eJ6z7FzYyA+tdMt33VpiQQUikGr3QOBw==",
      "license": "Apache-2.0",
      "engines": {
        "node": ">=10.0"
      },
      "funding": {
        "type": "github",
        "url": "https://github.com/sponsors/streamich"
      },
      "peerDependencies": {
        "tslib": "2"
      }
    },
    "node_modules/@jsonjoy.com/fs-node-to-fsa": {
      "version": "4.57.3",
      "resolved": "https://registry.npmjs.org/@jsonjoy.com/fs-node-to-fsa/-/fs-node-to-fsa-4.57.3.tgz",
      "integrity": "sha512-uZGxyC0zDmcmW5bfHd4YivAZ54BLlbF9G0K5rBaksI/tZdJSGM7/AC+1TY7yvFu0Wc6gUHR7mFwf6SbQ3J1BTQ==",
      "license": "Apache-2.0",
      "dependencies": {
        "@jsonjoy.com/fs-fsa": "4.57.3",
        "@jsonjoy.com/fs-node-builtins": "4.57.3",
        "@jsonjoy.com/fs-node-utils": "4.57.3"
      },
      "engines": {
        "node": ">=10.0"
      },
      "funding": {
        "type": "github",
        "url": "https://github.com/sponsors/streamich"
      },
      "peerDependencies": {
        "tslib": "2"
      }
    },
    "node_modules/@jsonjoy.com/fs-node-utils": {
      "version": "4.57.3",
      "resolved": "https://registry.npmjs.org/@jsonjoy.com/fs-node-utils/-/fs-node-utils-4.57.3.tgz",
      "integrity": "sha512-quCil8AvfcOxob4pn0drGdcQWpkPVgkt9q1+EjeyXXT40/L3l5lvYrr6hR8LmHu0eg+DNNaUwqjLT6Hr7V4sdQ==",
      "license": "Apache-2.0",
      "dependencies": {
        "@jsonjoy.com/fs-node-builtins": "4.57.3"
      },
      "engines": {
        "node": ">=10.0"
      },
      "funding": {
        "type": "github",
        "url": "https://github.com/sponsors/streamich"
      },
      "peerDependencies": {
        "tslib": "2"
      }
    },
    "node_modules/@jsonjoy.com/fs-print": {
      "version": "4.57.3",
      "resolved": "https://registry.npmjs.org/@jsonjoy.com/fs-print/-/fs-print-4.57.3.tgz",
      "integrity": "sha512-ITwaLZpGIqD9jHndwMvDFZDIvbVzGRsJZDQ5HKln0vyMculu1c1nb7zbEBgY8BVSBZ9S2xO138OWIBGeRsrF3Q==",
      "license": "Apache-2.0",
      "dependencies": {
        "@jsonjoy.com/fs-node-utils": "4.57.3",
        "tree-dump": "^1.1.0"
      },
      "engines": {
        "node": ">=10.0"
      },
      "funding": {
        "type": "github",
        "url": "https://github.com/sponsors/streamich"
      },
      "peerDependencies": {
        "tslib": "2"
      }
    },
    "node_modules/@jsonjoy.com/fs-snapshot": {
      "version": "4.57.3",
      "resolved": "https://registry.npmjs.org/@jsonjoy.com/fs-snapshot/-/fs-snapshot-4.57.3.tgz",
      "integrity": "sha512-wdNaG2DxCtvj9lKldAnEV3ycYPEpk+p2cP2lHD1qdxkoQGlWUtQverqvG9KZSkm6BHFha4PP6XRZbpARNfHRxA==",
      "license": "Apache-2.0",
      "dependencies": {
        "@jsonjoy.com/buffers": "^17.65.0",
        "@jsonjoy.com/fs-node-utils": "4.57.3",
        "@jsonjoy.com/json-pack": "^17.65.0",
        "@jsonjoy.com/util": "^17.65.0"
      },
      "engines": {
        "node": ">=10.0"
      },
      "funding": {
        "type": "github",
        "url": "https://github.com/sponsors/streamich"
      },
      "peerDependencies": {
        "tslib": "2"
      }
    },
    "node_modules/@jsonjoy.com/fs-snapshot/node_modules/@jsonjoy.com/base64": {
      "version": "17.67.0",
      "resolved": "https://registry.npmjs.org/@jsonjoy.com/base64/-/base64-17.67.0.tgz",
      "integrity": "sha512-5SEsJGsm15aP8TQGkDfJvz9axgPwAEm98S5DxOuYe8e1EbfajcDmgeXXzccEjh+mLnjqEKrkBdjHWS5vFNwDdw==",
      "license": "Apache-2.0",
      "engines": {
        "node": ">=10.0"
      },
      "funding": {
        "type": "github",
        "url": "https://github.com/sponsors/streamich"
      },
      "peerDependencies": {
        "tslib": "2"
      }
    },
    "node_modules/@jsonjoy.com/fs-snapshot/node_modules/@jsonjoy.com/codegen": {
      "version": "17.67.0",
      "resolved": "https://registry.npmjs.org/@jsonjoy.com/codegen/-/codegen-17.67.0.tgz",
      "integrity": "sha512-idnkUplROpdBOV0HMcwhsCUS5TRUi9poagdGs70A6S4ux9+/aPuKbh8+UYRTLYQHtXvAdNfQWXDqZEx5k4Dj2Q==",
      "license": "Apache-2.0",
      "engines": {
        "node": ">=10.0"
      },
      "funding": {
        "type": "github",
        "url": "https://github.com/sponsors/streamich"
      },
      "peerDependencies": {
        "tslib": "2"
      }
    },
    "node_modules/@jsonjoy.com/fs-snapshot/node_modules/@jsonjoy.com/json-pack": {
      "version": "17.67.0",
      "resolved": "https://registry.npmjs.org/@jsonjoy.com/json-pack/-/json-pack-17.67.0.tgz",
      "integrity": "sha512-t0ejURcGaZsn1ClbJ/3kFqSOjlryd92eQY465IYrezsXmPcfHPE/av4twRSxf6WE+TkZgLY+71vCZbiIiFKA/w==",
      "license": "Apache-2.0",
      "dependencies": {
        "@jsonjoy.com/base64": "17.67.0",
        "@jsonjoy.com/buffers": "17.67.0",
        "@jsonjoy.com/codegen": "17.67.0",
        "@jsonjoy.com/json-pointer": "17.67.0",
        "@jsonjoy.com/util": "17.67.0",
        "hyperdyperid": "^1.2.0",
        "thingies": "^2.5.0",
        "tree-dump": "^1.1.0"
      },
      "engines": {
        "node": ">=10.0"
      },
      "funding": {
        "type": "github",
        "url": "https://github.com/sponsors/streamich"
      },
      "peerDependencies": {
        "tslib": "2"
      }
    },
    "node_modules/@jsonjoy.com/fs-snapshot/node_modules/@jsonjoy.com/json-pointer": {
      "version": "17.67.0",
      "resolved": "https://registry.npmjs.org/@jsonjoy.com/json-pointer/-/json-pointer-17.67.0.tgz",
      "integrity": "sha512-+iqOFInH+QZGmSuaybBUNdh7yvNrXvqR+h3wjXm0N/3JK1EyyFAeGJvqnmQL61d1ARLlk/wJdFKSL+LHJ1eaUA==",
      "license": "Apache-2.0",
      "dependencies": {
        "@jsonjoy.com/util": "17.67.0"
      },
      "engines": {
        "node": ">=10.0"
      },
      "funding": {
        "type": "github",
        "url": "https://github.com/sponsors/streamich"
      },
      "peerDependencies": {
        "tslib": "2"
      }
    },
    "node_modules/@jsonjoy.com/fs-snapshot/node_modules/@jsonjoy.com/util": {
      "version": "17.67.0",
      "resolved": "https://registry.npmjs.org/@jsonjoy.com/util/-/util-17.67.0.tgz",
      "integrity": "sha512-6+8xBaz1rLSohlGh68D1pdw3AwDi9xydm8QNlAFkvnavCJYSze+pxoW2VKP8p308jtlMRLs5NTHfPlZLd4w7ew==",
      "license": "Apache-2.0",
      "dependencies": {
        "@jsonjoy.com/buffers": "17.67.0",
        "@jsonjoy.com/codegen": "17.67.0"
      },
      "engines": {
        "node": ">=10.0"
      },
      "funding": {
        "type": "github",
        "url": "https://github.com/sponsors/streamich"
      },
      "peerDependencies": {
        "tslib": "2"
      }
    },
    "node_modules/@jsonjoy.com/json-pack": {
      "version": "1.21.0",
      "resolved": "https://registry.npmjs.org/@jsonjoy.com/json-pack/-/json-pack-1.21.0.tgz",
      "integrity": "sha512-+AKG+R2cfZMShzrF2uQw34v3zbeDYUqnQ+jg7ORic3BGtfw9p/+N6RJbq/kkV8JmYZaINknaEQ2m0/f693ZPpg==",
      "license": "Apache-2.0",
      "dependencies": {
        "@jsonjoy.com/base64": "^1.1.2",
        "@jsonjoy.com/buffers": "^1.2.0",
        "@jsonjoy.com/codegen": "^1.0.0",
        "@jsonjoy.com/json-pointer": "^1.0.2",
        "@jsonjoy.com/util": "^1.9.0",
        "hyperdyperid": "^1.2.0",
        "thingies": "^2.5.0",
        "tree-dump": "^1.1.0"
      },
      "engines": {
        "node": ">=10.0"
      },
      "funding": {
        "type": "github",
        "url": "https://github.com/sponsors/streamich"
      },
      "peerDependencies": {
        "tslib": "2"
      }
    },
    "node_modules/@jsonjoy.com/json-pack/node_modules/@jsonjoy.com/buffers": {
      "version": "1.2.1",
      "resolved": "https://registry.npmjs.org/@jsonjoy.com/buffers/-/buffers-1.2.1.tgz",
      "integrity": "sha512-12cdlDwX4RUM3QxmUbVJWqZ/mrK6dFQH4Zxq6+r1YXKXYBNgZXndx2qbCJwh3+WWkCSn67IjnlG3XYTvmvYtgA==",
      "license": "Apache-2.0",
      "engines": {
        "node": ">=10.0"
      },
      "funding": {
        "type": "github",
        "url": "https://github.com/sponsors/streamich"
      },
      "peerDependencies": {
        "tslib": "2"
      }
    },
    "node_modules/@jsonjoy.com/json-pointer": {
      "version": "1.0.2",
      "resolved": "https://registry.npmjs.org/@jsonjoy.com/json-pointer/-/json-pointer-1.0.2.tgz",
      "integrity": "sha512-Fsn6wM2zlDzY1U+v4Nc8bo3bVqgfNTGcn6dMgs6FjrEnt4ZCe60o6ByKRjOGlI2gow0aE/Q41QOigdTqkyK5fg==",
      "license": "Apache-2.0",
      "dependencies": {
        "@jsonjoy.com/codegen": "^1.0.0",
        "@jsonjoy.com/util": "^1.9.0"
      },
      "engines": {
        "node": ">=10.0"
      },
      "funding": {
        "type": "github",
        "url": "https://github.com/sponsors/streamich"
      },
      "peerDependencies": {
        "tslib": "2"
      }
    },
    "node_modules/@jsonjoy.com/util": {
      "version": "1.9.0",
      "resolved": "https://registry.npmjs.org/@jsonjoy.com/util/-/util-1.9.0.tgz",
      "integrity": "sha512-pLuQo+VPRnN8hfPqUTLTHk126wuYdXVxE6aDmjSeV4NCAgyxWbiOIeNJVtID3h1Vzpoi9m4jXezf73I6LgabgQ==",
      "license": "Apache-2.0",
      "dependencies": {
        "@jsonjoy.com/buffers": "^1.0.0",
        "@jsonjoy.com/codegen": "^1.0.0"
      },
      "engines": {
        "node": ">=10.0"
      },
      "funding": {
        "type": "github",
        "url": "https://github.com/sponsors/streamich"
      },
      "peerDependencies": {
        "tslib": "2"
      }
    },
    "node_modules/@jsonjoy.com/util/node_modules/@jsonjoy.com/buffers": {
      "version": "1.2.1",
      "resolved": "https://registry.npmjs.org/@jsonjoy.com/buffers/-/buffers-1.2.1.tgz",
      "integrity": "sha512-12cdlDwX4RUM3QxmUbVJWqZ/mrK6dFQH4Zxq6+r1YXKXYBNgZXndx2qbCJwh3+WWkCSn67IjnlG3XYTvmvYtgA==",
      "license": "Apache-2.0",
      "engines": {
        "node": ">=10.0"
      },
      "funding": {
        "type": "github",
        "url": "https://github.com/sponsors/streamich"
      },
      "peerDependencies": {
        "tslib": "2"
      }
    },
    "node_modules/@sebastianwessel/quickjs": {
      "version": "1.3.0",
      "resolved": "https://registry.npmjs.org/@sebastianwessel/quickjs/-/quickjs-1.3.0.tgz",
      "integrity": "sha512-VFiy7trJTCRO7/9dj6miQhHLhy6iTBlEKXJf8SY7+9u1cxsCLfFCWTicACBrBbc0xxmb7Fdmq4hXt6NvWSXElQ==",
      "license": "ISC",
      "dependencies": {
        "@jitl/quickjs-ng-wasmfile-release-sync": "^0.29.2",
        "memfs": "^4.9.3",
        "quickjs-emscripten-core": "^0.29.2",
        "rate-limiter-flexible": "^5.0.3"
      },
      "engines": {
        "node": ">=18.0.0"
      },
      "peerDependencies": {
        "typescript": ">= 5.5.3"
      },
      "peerDependenciesMeta": {
        "typescript": {
          "optional": true
        }
      }
    },
    "node_modules/acorn": {
      "version": "8.15.0",
      "resolved": "https://registry.npmjs.org/acorn/-/acorn-8.15.0.tgz",
      "integrity": "sha512-NZyJarBfL7nWwIq+FDL6Zp/yHEhePMNnnJ0y3qfieCrmNvYct8uvtiV41UvlSe6apAfk0fY1FbWx+NwfmpvtTg==",
      "license": "MIT",
      "bin": {
        "acorn": "bin/acorn"
      },
      "engines": {
        "node": ">=0.4.0"
      }
    },
    "node_modules/css-tree": {
      "version": "2.3.1",
      "license": "MIT",
      "dependencies": {
        "mdn-data": "2.0.30",
        "source-map-js": "^1.0.1"
      },
      "engines": {
        "node": "^10 || ^12.20.0 || ^14.13.0 || >=15.0.0"
      }
    },
    "node_modules/glob-to-regex.js": {
      "version": "1.2.0",
      "resolved": "https://registry.npmjs.org/glob-to-regex.js/-/glob-to-regex.js-1.2.0.tgz",
      "integrity": "sha512-QMwlOQKU/IzqMUOAZWubUOT8Qft+Y0KQWnX9nK3ch0CJg0tTp4TvGZsTfudYKv2NzoQSyPcnA6TYeIQ3jGichQ==",
      "license": "Apache-2.0",
      "engines": {
        "node": ">=10.0"
      },
      "funding": {
        "type": "github",
        "url": "https://github.com/sponsors/streamich"
      },
      "peerDependencies": {
        "tslib": "2"
      }
    },
    "node_modules/hyperdyperid": {
      "version": "1.2.0",
      "resolved": "https://registry.npmjs.org/hyperdyperid/-/hyperdyperid-1.2.0.tgz",
      "integrity": "sha512-Y93lCzHYgGWdrJ66yIktxiaGULYc6oGiABxhcO5AufBeOyoIdZF7bIfLaOrbM0iGIOXQQgxxRrFEnb+Y6w1n4A==",
      "license": "MIT",
      "engines": {
        "node": ">=10.18"
      }
    },
    "node_modules/mdn-data": {
      "version": "2.0.30",
      "license": "CC0-1.0"
    },
    "node_modules/memfs": {
      "version": "4.57.3",
      "resolved": "https://registry.npmjs.org/memfs/-/memfs-4.57.3.tgz",
      "integrity": "sha512-dlvqataP1zUOlfj6pv9wgCSC5pRIooNntXgdLfR7FWlcKi1p8fMfJADtHp/+8Dhu5JFvMHNh7L0QVcuaaBKqqA==",
      "license": "Apache-2.0",
      "dependencies": {
        "@jsonjoy.com/fs-core": "4.57.3",
        "@jsonjoy.com/fs-fsa": "4.57.3",
        "@jsonjoy.com/fs-node": "4.57.3",
        "@jsonjoy.com/fs-node-builtins": "4.57.3",
        "@jsonjoy.com/fs-node-to-fsa": "4.57.3",
        "@jsonjoy.com/fs-node-utils": "4.57.3",
        "@jsonjoy.com/fs-print": "4.57.3",
        "@jsonjoy.com/fs-snapshot": "4.57.3",
        "@jsonjoy.com/json-pack": "^1.11.0",
        "@jsonjoy.com/util": "^1.9.0",
        "glob-to-regex.js": "^1.0.1",
        "thingies": "^2.5.0",
        "tree-dump": "^1.0.3",
        "tslib": "^2.0.0"
      },
      "funding": {
        "type": "github",
        "url": "https://github.com/sponsors/streamich"
      },
      "peerDependencies": {
        "tslib": "2"
      }
    },
    "node_modules/quickjs-emscripten-core": {
      "version": "0.29.2",
      "resolved": "https://registry.npmjs.org/quickjs-emscripten-core/-/quickjs-emscripten-core-0.29.2.tgz",
      "integrity": "sha512-jEAiURW4jGqwO/fW01VwlWqa2G0AJxnN5FBy1xnVu8VIVhVhiaxUfCe+bHqS6zWzfjFm86HoO40lzpteusvyJA==",
      "license": "MIT",
      "dependencies": {
        "@jitl/quickjs-ffi-types": "0.29.2"
      }
    },
    "node_modules/rate-limiter-flexible": {
      "version": "5.0.5",
      "resolved": "https://registry.npmjs.org/rate-limiter-flexible/-/rate-limiter-flexible-5.0.5.tgz",
      "integrity": "sha512-+/dSQfo+3FYwYygUs/V2BBdwGa9nFtakDwKt4l0bnvNB53TNT++QSFewwHX9qXrZJuMe9j+TUaU21lm5ARgqdQ==",
      "license": "ISC"
    },
    "node_modules/sommark": {
      "version": "4.1.0",
      "resolved": "https://registry.npmjs.org/sommark/-/sommark-4.1.0.tgz",
      "integrity": "sha512-zKmA71UKHSju25NzIJhs7RgPmUM9eq3hsu8tyjxejq2S9rm1lkDiA6XKkEd08wnimVyP6FAN8taH0fA+lN+cJg==",
      "license": "MIT",
      "dependencies": {
        "@sebastianwessel/quickjs": "^1.1.1",
        "acorn": "^8.15.0"
      },
      "bin": {
        "sommark": "cli/cli.mjs"
      }
    },
    "node_modules/source-map-js": {
      "version": "1.2.1",
      "license": "BSD-3-Clause",
      "engines": {
        "node": ">=0.10.0"
      }
    },
    "node_modules/thingies": {
      "version": "2.6.0",
      "resolved": "https://registry.npmjs.org/thingies/-/thingies-2.6.0.tgz",
      "integrity": "sha512-rMHRjmlFLM1R96UYPvpmnc3LYtdFrT33JIB7L9hetGue1qAPfn1N2LJeEjxUSidu1Iku+haLZXDuEXUHNGO/lg==",
      "license": "MIT",
      "engines": {
        "node": ">=10.18"
      },
      "funding": {
        "type": "github",
        "url": "https://github.com/sponsors/streamich"
      },
      "peerDependencies": {
        "tslib": "^2"
      }
    },
    "node_modules/tree-dump": {
      "version": "1.1.0",
      "resolved": "https://registry.npmjs.org/tree-dump/-/tree-dump-1.1.0.tgz",
      "integrity": "sha512-rMuvhU4MCDbcbnleZTFezWsaZXRFemSqAM+7jPnzUl1fo9w3YEKOxAeui0fz3OI4EU4hf23iyA7uQRVko+UaBA==",
      "license": "Apache-2.0",
      "engines": {
        "node": ">=10.0"
      },
      "funding": {
        "type": "github",
        "url": "https://github.com/sponsors/streamich"
      },
      "peerDependencies": {
        "tslib": "2"
      }
    },
    "node_modules/tslib": {
      "version": "2.8.1",
      "resolved": "https://registry.npmjs.org/tslib/-/tslib-2.8.1.tgz",
      "integrity": "sha512-oJFu94HQb+KVduSUQL7wnpmqnfmLsOA/nAh6b6EH0wCEoK0/mPeXU6c3wKDV83MkOuHPRHtSXKKU99IBazS/2w==",
      "license": "0BSD"
    },
    "node_modules/vscode-jsonrpc": {
      "version": "8.2.0",
      "license": "MIT",
      "engines": {
        "node": ">=14.0.0"
      }
    },
    "node_modules/vscode-languageserver": {
      "version": "9.0.1",
      "license": "MIT",
      "dependencies": {
        "vscode-languageserver-protocol": "3.17.5"
      },
      "bin": {
        "installServerIntoExtension": "bin/installServerIntoExtension"
      }
    },
    "node_modules/vscode-languageserver-protocol": {
      "version": "3.17.5",
      "license": "MIT",
      "dependencies": {
        "vscode-jsonrpc": "8.2.0",
        "vscode-languageserver-types": "3.17.5"
      }
    },
    "node_modules/vscode-languageserver-textdocument": {
      "version": "1.0.12",
      "license": "MIT"
    },
    "node_modules/vscode-languageserver-types": {
      "version": "3.17.5",
      "license": "MIT"
    }
  }
}
